// !$*UTF8*$!
{
	archiveVersion = 1;
	classes = {
	};
	objectVersion = 46;
	objects = {

/* Begin PBXBuildFile section */
		774A8BA91BA17688001184D3 /* main.m in Sources */ = {isa = PBXBuildFile; fileRef = 774A8BA81BA17688001184D3 /* main.m */; };
		774A8BB21BA17688001184D3 /* Main.storyboard in Resources */ = {isa = PBXBuildFile; fileRef = 774A8BB01BA17688001184D3 /* Main.storyboard */; };
		774A8BB41BA17688001184D3 /* Images.xcassets in Resources */ = {isa = PBXBuildFile; fileRef = 774A8BB31BA17688001184D3 /* Images.xcassets */; };
		774A8BB71BA17688001184D3 /* LaunchScreen.xib in Resources */ = {isa = PBXBuildFile; fileRef = 774A8BB51BA17688001184D3 /* LaunchScreen.xib */; };
		774A8BC31BA17688001184D3 /* BuildCenterTests.m in Sources */ = {isa = PBXBuildFile; fileRef = 774A8BC21BA17688001184D3 /* BuildCenterTests.m */; };
		774A8BD11BA1790F001184D3 /* CFNetwork.framework in Frameworks */ = {isa = PBXBuildFile; fileRef = 774A8BD01BA1790F001184D3 /* CFNetwork.framework */; };
		774A8BD51BA18135001184D3 /* CoreFoundation.framework in Frameworks */ = {isa = PBXBuildFile; fileRef = 774A8BD41BA18135001184D3 /* CoreFoundation.framework */; };
		774A8BD71BA1813F001184D3 /* CoreTelephony.framework in Frameworks */ = {isa = PBXBuildFile; fileRef = 774A8BD61BA1813F001184D3 /* CoreTelephony.framework */; };
		774A8BD91BA18149001184D3 /* SystemConfiguration.framework in Frameworks */ = {isa = PBXBuildFile; fileRef = 774A8BD81BA18149001184D3 /* SystemConfiguration.framework */; };
		774A8BDB1BA18153001184D3 /* CoreGraphics.framework in Frameworks */ = {isa = PBXBuildFile; fileRef = 774A8BDA1BA18153001184D3 /* CoreGraphics.framework */; };
		774A8BDD1BA1815E001184D3 /* Security.framework in Frameworks */ = {isa = PBXBuildFile; fileRef = 774A8BDC1BA1815E001184D3 /* Security.framework */; };
		774A8BDF1BA18168001184D3 /* libz.dylib in Frameworks */ = {isa = PBXBuildFile; fileRef = 774A8BDE1BA18168001184D3 /* libz.dylib */; };
		775644761BA8330100147751 /* PDProductServiceManager.m in Sources */ = {isa = PBXBuildFile; fileRef = 775644751BA8330100147751 /* PDProductServiceManager.m */; };
		775E093A1BA9606D00599A91 /* PDProductViewModel.m in Sources */ = {isa = PBXBuildFile; fileRef = 775E09391BA9606D00599A91 /* PDProductViewModel.m */; };
		775E096E1BA9644700599A91 /* MJRefreshAutoFooter.m in Sources */ = {isa = PBXBuildFile; fileRef = 775E09441BA9644700599A91 /* MJRefreshAutoFooter.m */; };
		775E096F1BA9644700599A91 /* MJRefreshBackFooter.m in Sources */ = {isa = PBXBuildFile; fileRef = 775E09461BA9644700599A91 /* MJRefreshBackFooter.m */; };
		775E09701BA9644700599A91 /* MJRefreshComponent.m in Sources */ = {isa = PBXBuildFile; fileRef = 775E09481BA9644700599A91 /* MJRefreshComponent.m */; };
		775E09711BA9644700599A91 /* MJRefreshFooter.m in Sources */ = {isa = PBXBuildFile; fileRef = 775E094A1BA9644700599A91 /* MJRefreshFooter.m */; };
		775E09721BA9644700599A91 /* MJRefreshHeader.m in Sources */ = {isa = PBXBuildFile; fileRef = 775E094C1BA9644700599A91 /* MJRefreshHeader.m */; };
		775E09731BA9644700599A91 /* MJRefreshAutoGifFooter.m in Sources */ = {isa = PBXBuildFile; fileRef = 775E09511BA9644700599A91 /* MJRefreshAutoGifFooter.m */; };
		775E09741BA9644700599A91 /* MJRefreshAutoNormalFooter.m in Sources */ = {isa = PBXBuildFile; fileRef = 775E09531BA9644700599A91 /* MJRefreshAutoNormalFooter.m */; };
		775E09751BA9644700599A91 /* MJRefreshAutoStateFooter.m in Sources */ = {isa = PBXBuildFile; fileRef = 775E09551BA9644700599A91 /* MJRefreshAutoStateFooter.m */; };
		775E09761BA9644700599A91 /* MJRefreshBackGifFooter.m in Sources */ = {isa = PBXBuildFile; fileRef = 775E09581BA9644700599A91 /* MJRefreshBackGifFooter.m */; };
		775E09771BA9644700599A91 /* MJRefreshBackNormalFooter.m in Sources */ = {isa = PBXBuildFile; fileRef = 775E095A1BA9644700599A91 /* MJRefreshBackNormalFooter.m */; };
		775E09781BA9644700599A91 /* MJRefreshBackStateFooter.m in Sources */ = {isa = PBXBuildFile; fileRef = 775E095C1BA9644700599A91 /* MJRefreshBackStateFooter.m */; };
		775E09791BA9644700599A91 /* MJRefreshGifHeader.m in Sources */ = {isa = PBXBuildFile; fileRef = 775E095F1BA9644700599A91 /* MJRefreshGifHeader.m */; };
		775E097A1BA9644700599A91 /* MJRefreshNormalHeader.m in Sources */ = {isa = PBXBuildFile; fileRef = 775E09611BA9644700599A91 /* MJRefreshNormalHeader.m */; };
		775E097B1BA9644700599A91 /* MJRefreshStateHeader.m in Sources */ = {isa = PBXBuildFile; fileRef = 775E09631BA9644700599A91 /* MJRefreshStateHeader.m */; };
		775E097C1BA9644700599A91 /* MJRefresh.bundle in Resources */ = {isa = PBXBuildFile; fileRef = 775E09641BA9644700599A91 /* MJRefresh.bundle */; };
		775E097D1BA9644700599A91 /* MJRefreshConst.m in Sources */ = {isa = PBXBuildFile; fileRef = 775E09671BA9644700599A91 /* MJRefreshConst.m */; };
		775E097E1BA9644700599A91 /* UIScrollView+MJExtension.m in Sources */ = {isa = PBXBuildFile; fileRef = 775E09691BA9644700599A91 /* UIScrollView+MJExtension.m */; };
		775E097F1BA9644700599A91 /* UIScrollView+MJRefresh.m in Sources */ = {isa = PBXBuildFile; fileRef = 775E096B1BA9644700599A91 /* UIScrollView+MJRefresh.m */; };
		775E09801BA9644700599A91 /* UIView+MJExtension.m in Sources */ = {isa = PBXBuildFile; fileRef = 775E096D1BA9644700599A91 /* UIView+MJExtension.m */; };
		775E09831BA97A4F00599A91 /* Product.m in Sources */ = {isa = PBXBuildFile; fileRef = 775E09821BA97A4F00599A91 /* Product.m */; };
		775E09881BA97A6F00599A91 /* PDLeftTableViewProtocol.m in Sources */ = {isa = PBXBuildFile; fileRef = 775E09851BA97A6F00599A91 /* PDLeftTableViewProtocol.m */; };
		775E09891BA97A6F00599A91 /* PDRightTableViewProtocol.m in Sources */ = {isa = PBXBuildFile; fileRef = 775E09871BA97A6F00599A91 /* PDRightTableViewProtocol.m */; };
		775E09901BA97A8200599A91 /* PDProductListCell.m in Sources */ = {isa = PBXBuildFile; fileRef = 775E098B1BA97A8200599A91 /* PDProductListCell.m */; };
		775E09911BA97A8200599A91 /* PDProductListCell.xib in Resources */ = {isa = PBXBuildFile; fileRef = 775E098C1BA97A8200599A91 /* PDProductListCell.xib */; };
		775E09921BA97A8200599A91 /* PDProductVersionCell.m in Sources */ = {isa = PBXBuildFile; fileRef = 775E098E1BA97A8200599A91 /* PDProductVersionCell.m */; };
		775E09931BA97A8200599A91 /* PDProductVersionCell.xib in Resources */ = {isa = PBXBuildFile; fileRef = 775E098F1BA97A8200599A91 /* PDProductVersionCell.xib */; };
		775E09961BA97A9300599A91 /* PDViewController.m in Sources */ = {isa = PBXBuildFile; fileRef = 775E09951BA97A9300599A91 /* PDViewController.m */; };
		775E09991BA97ADB00599A91 /* AppDelegate.m in Sources */ = {isa = PBXBuildFile; fileRef = 775E09981BA97ADB00599A91 /* AppDelegate.m */; };
		775E0A1B1BA97B2C00599A91 /* AFHTTPRequestOperation.m in Sources */ = {isa = PBXBuildFile; fileRef = 775E099C1BA97B2C00599A91 /* AFHTTPRequestOperation.m */; };
		775E0A1C1BA97B2C00599A91 /* AFHTTPRequestOperationManager.m in Sources */ = {isa = PBXBuildFile; fileRef = 775E099E1BA97B2C00599A91 /* AFHTTPRequestOperationManager.m */; };
		775E0A1D1BA97B2C00599A91 /* AFHTTPSessionManager.m in Sources */ = {isa = PBXBuildFile; fileRef = 775E09A01BA97B2C00599A91 /* AFHTTPSessionManager.m */; };
		775E0A1E1BA97B2C00599A91 /* AFNetworkReachabilityManager.m in Sources */ = {isa = PBXBuildFile; fileRef = 775E09A31BA97B2C00599A91 /* AFNetworkReachabilityManager.m */; };
		775E0A1F1BA97B2C00599A91 /* AFSecurityPolicy.m in Sources */ = {isa = PBXBuildFile; fileRef = 775E09A51BA97B2C00599A91 /* AFSecurityPolicy.m */; };
		775E0A201BA97B2C00599A91 /* AFURLConnectionOperation.m in Sources */ = {isa = PBXBuildFile; fileRef = 775E09A71BA97B2C00599A91 /* AFURLConnectionOperation.m */; };
		775E0A211BA97B2C00599A91 /* AFURLRequestSerialization.m in Sources */ = {isa = PBXBuildFile; fileRef = 775E09A91BA97B2C00599A91 /* AFURLRequestSerialization.m */; };
		775E0A221BA97B2C00599A91 /* AFURLResponseSerialization.m in Sources */ = {isa = PBXBuildFile; fileRef = 775E09AB1BA97B2C00599A91 /* AFURLResponseSerialization.m */; };
		775E0A231BA97B2C00599A91 /* AFURLSessionManager.m in Sources */ = {isa = PBXBuildFile; fileRef = 775E09AD1BA97B2C00599A91 /* AFURLSessionManager.m */; };
		775E0A241BA97B2C00599A91 /* Info.plist in Resources */ = {isa = PBXBuildFile; fileRef = 775E09AE1BA97B2C00599A91 /* Info.plist */; };
		775E0A251BA97B2C00599A91 /* libPushSDK-1.8.5.a in Frameworks */ = {isa = PBXBuildFile; fileRef = 775E09B11BA97B2C00599A91 /* libPushSDK-1.8.5.a */; };
		775E0A271BA97B2C00599A91 /* MJDictionaryCache.m in Sources */ = {isa = PBXBuildFile; fileRef = 775E09B51BA97B2C00599A91 /* MJDictionaryCache.m */; };
		775E0A281BA97B2C00599A91 /* MJExtensionConst.m in Sources */ = {isa = PBXBuildFile; fileRef = 775E09B81BA97B2C00599A91 /* MJExtensionConst.m */; };
		775E0A291BA97B2C00599A91 /* MJFoundation.m in Sources */ = {isa = PBXBuildFile; fileRef = 775E09BA1BA97B2C00599A91 /* MJFoundation.m */; };
		775E0A2A1BA97B2C00599A91 /* MJProperty.m in Sources */ = {isa = PBXBuildFile; fileRef = 775E09BC1BA97B2C00599A91 /* MJProperty.m */; };
		775E0A2B1BA97B2C00599A91 /* MJPropertyKey.m in Sources */ = {isa = PBXBuildFile; fileRef = 775E09BE1BA97B2C00599A91 /* MJPropertyKey.m */; };
		775E0A2C1BA97B2C00599A91 /* MJPropertyType.m in Sources */ = {isa = PBXBuildFile; fileRef = 775E09C01BA97B2C00599A91 /* MJPropertyType.m */; };
		775E0A2D1BA97B2C00599A91 /* NSObject+MJClass.m in Sources */ = {isa = PBXBuildFile; fileRef = 775E09C21BA97B2C00599A91 /* NSObject+MJClass.m */; };
		775E0A2E1BA97B2C00599A91 /* NSObject+MJCoding.m in Sources */ = {isa = PBXBuildFile; fileRef = 775E09C41BA97B2C00599A91 /* NSObject+MJCoding.m */; };
		775E0A2F1BA97B2C00599A91 /* NSObject+MJKeyValue.m in Sources */ = {isa = PBXBuildFile; fileRef = 775E09C61BA97B2C00599A91 /* NSObject+MJKeyValue.m */; };
		775E0A301BA97B2C00599A91 /* NSObject+MJProperty.m in Sources */ = {isa = PBXBuildFile; fileRef = 775E09C81BA97B2C00599A91 /* NSObject+MJProperty.m */; };
		775E0A311BA97B2C00599A91 /* NSString+MJExtension.m in Sources */ = {isa = PBXBuildFile; fileRef = 775E09CA1BA97B2C00599A91 /* NSString+MJExtension.m */; };
		775E0A451BA97B2C00599A91 /* PushConfig.plist in Resources */ = {isa = PBXBuildFile; fileRef = 775E09F81BA97B2C00599A91 /* PushConfig.plist */; };
		775E0A461BA97B2C00599A91 /* MKAnnotationView+WebCache.m in Sources */ = {isa = PBXBuildFile; fileRef = 775E09FB1BA97B2C00599A91 /* MKAnnotationView+WebCache.m */; };
		775E0A471BA97B2C00599A91 /* NSData+ImageContentType.m in Sources */ = {isa = PBXBuildFile; fileRef = 775E09FD1BA97B2C00599A91 /* NSData+ImageContentType.m */; };
		775E0A481BA97B2C00599A91 /* SDImageCache.m in Sources */ = {isa = PBXBuildFile; fileRef = 775E09FF1BA97B2C00599A91 /* SDImageCache.m */; };
		775E0A491BA97B2C00599A91 /* SDWebImageCompat.m in Sources */ = {isa = PBXBuildFile; fileRef = 775E0A011BA97B2C00599A91 /* SDWebImageCompat.m */; };
		775E0A4A1BA97B2C00599A91 /* SDWebImageDecoder.m in Sources */ = {isa = PBXBuildFile; fileRef = 775E0A031BA97B2C00599A91 /* SDWebImageDecoder.m */; };
		775E0A4B1BA97B2C00599A91 /* SDWebImageDownloader.m in Sources */ = {isa = PBXBuildFile; fileRef = 775E0A051BA97B2C00599A91 /* SDWebImageDownloader.m */; };
		775E0A4C1BA97B2C00599A91 /* SDWebImageDownloaderOperation.m in Sources */ = {isa = PBXBuildFile; fileRef = 775E0A071BA97B2C00599A91 /* SDWebImageDownloaderOperation.m */; };
		775E0A4D1BA97B2C00599A91 /* SDWebImageManager.m in Sources */ = {isa = PBXBuildFile; fileRef = 775E0A091BA97B2C00599A91 /* SDWebImageManager.m */; };
		775E0A4E1BA97B2C00599A91 /* SDWebImagePrefetcher.m in Sources */ = {isa = PBXBuildFile; fileRef = 775E0A0C1BA97B2C00599A91 /* SDWebImagePrefetcher.m */; };
		775E0A4F1BA97B2C00599A91 /* UIButton+WebCache.m in Sources */ = {isa = PBXBuildFile; fileRef = 775E0A0E1BA97B2C00599A91 /* UIButton+WebCache.m */; };
		775E0A501BA97B2C00599A91 /* UIImage+GIF.m in Sources */ = {isa = PBXBuildFile; fileRef = 775E0A101BA97B2C00599A91 /* UIImage+GIF.m */; };
		775E0A511BA97B2C00599A91 /* UIImage+MultiFormat.m in Sources */ = {isa = PBXBuildFile; fileRef = 775E0A121BA97B2C00599A91 /* UIImage+MultiFormat.m */; };
		775E0A521BA97B2C00599A91 /* UIImage+WebP.m in Sources */ = {isa = PBXBuildFile; fileRef = 775E0A141BA97B2C00599A91 /* UIImage+WebP.m */; };
		775E0A531BA97B2C00599A91 /* UIImageView+HighlightedWebCache.m in Sources */ = {isa = PBXBuildFile; fileRef = 775E0A161BA97B2C00599A91 /* UIImageView+HighlightedWebCache.m */; };
		775E0A541BA97B2C00599A91 /* UIImageView+WebCache.m in Sources */ = {isa = PBXBuildFile; fileRef = 775E0A181BA97B2C00599A91 /* UIImageView+WebCache.m */; };
		775E0A551BA97B2C00599A91 /* UIView+WebCacheOperation.m in Sources */ = {isa = PBXBuildFile; fileRef = 775E0A1A1BA97B2C00599A91 /* UIView+WebCacheOperation.m */; };
		776099B31BA441A3009FEFD3 /* PDProductApi.m in Sources */ = {isa = PBXBuildFile; fileRef = 776099B21BA441A3009FEFD3 /* PDProductApi.m */; };
/* End PBXBuildFile section */

/* Begin PBXContainerItemProxy section */
		774A8BBD1BA17688001184D3 /* PBXContainerItemProxy */ = {
			isa = PBXContainerItemProxy;
			containerPortal = 774A8B9B1BA17688001184D3 /* Project object */;
			proxyType = 1;
			remoteGlobalIDString = 774A8BA21BA17688001184D3;
			remoteInfo = "Build推送";
		};
/* End PBXContainerItemProxy section */

/* Begin PBXFileReference section */
		774A8BA31BA17688001184D3 /* BuildCenter.app */ = {isa = PBXFileReference; explicitFileType = wrapper.application; includeInIndex = 0; path = BuildCenter.app; sourceTree = BUILT_PRODUCTS_DIR; };
		774A8BA81BA17688001184D3 /* main.m */ = {isa = PBXFileReference; lastKnownFileType = sourcecode.c.objc; path = main.m; sourceTree = "<group>"; };
		774A8BB11BA17688001184D3 /* Base */ = {isa = PBXFileReference; lastKnownFileType = file.storyboard; name = Base; path = Base.lproj/Main.storyboard; sourceTree = "<group>"; };
		774A8BB31BA17688001184D3 /* Images.xcassets */ = {isa = PBXFileReference; lastKnownFileType = folder.assetcatalog; path = Images.xcassets; sourceTree = "<group>"; };
		774A8BB61BA17688001184D3 /* Base */ = {isa = PBXFileReference; lastKnownFileType = file.xib; name = Base; path = Base.lproj/LaunchScreen.xib; sourceTree = "<group>"; };
		774A8BBC1BA17688001184D3 /* BuildCenterTests.xctest */ = {isa = PBXFileReference; explicitFileType = wrapper.cfbundle; includeInIndex = 0; path = BuildCenterTests.xctest; sourceTree = BUILT_PRODUCTS_DIR; };
		774A8BC11BA17688001184D3 /* Info.plist */ = {isa = PBXFileReference; lastKnownFileType = text.plist.xml; path = Info.plist; sourceTree = "<group>"; };
		774A8BC21BA17688001184D3 /* BuildCenterTests.m */ = {isa = PBXFileReference; lastKnownFileType = sourcecode.c.objc; path = BuildCenterTests.m; sourceTree = "<group>"; };
		774A8BD01BA1790F001184D3 /* CFNetwork.framework */ = {isa = PBXFileReference; lastKnownFileType = wrapper.framework; name = CFNetwork.framework; path = System/Library/Frameworks/CFNetwork.framework; sourceTree = SDKROOT; };
		774A8BD41BA18135001184D3 /* CoreFoundation.framework */ = {isa = PBXFileReference; lastKnownFileType = wrapper.framework; name = CoreFoundation.framework; path = System/Library/Frameworks/CoreFoundation.framework; sourceTree = SDKROOT; };
		774A8BD61BA1813F001184D3 /* CoreTelephony.framework */ = {isa = PBXFileReference; lastKnownFileType = wrapper.framework; name = CoreTelephony.framework; path = System/Library/Frameworks/CoreTelephony.framework; sourceTree = SDKROOT; };
		774A8BD81BA18149001184D3 /* SystemConfiguration.framework */ = {isa = PBXFileReference; lastKnownFileType = wrapper.framework; name = SystemConfiguration.framework; path = System/Library/Frameworks/SystemConfiguration.framework; sourceTree = SDKROOT; };
		774A8BDA1BA18153001184D3 /* CoreGraphics.framework */ = {isa = PBXFileReference; lastKnownFileType = wrapper.framework; name = CoreGraphics.framework; path = System/Library/Frameworks/CoreGraphics.framework; sourceTree = SDKROOT; };
		774A8BDC1BA1815E001184D3 /* Security.framework */ = {isa = PBXFileReference; lastKnownFileType = wrapper.framework; name = Security.framework; path = System/Library/Frameworks/Security.framework; sourceTree = SDKROOT; };
		774A8BDE1BA18168001184D3 /* libz.dylib */ = {isa = PBXFileReference; lastKnownFileType = "compiled.mach-o.dylib"; name = libz.dylib; path = usr/lib/libz.dylib; sourceTree = SDKROOT; };
		775644741BA8330100147751 /* PDProductServiceManager.h */ = {isa = PBXFileReference; fileEncoding = 4; lastKnownFileType = sourcecode.c.h; path = PDProductServiceManager.h; sourceTree = "<group>"; };
		775644751BA8330100147751 /* PDProductServiceManager.m */ = {isa = PBXFileReference; fileEncoding = 4; lastKnownFileType = sourcecode.c.objc; path = PDProductServiceManager.m; sourceTree = "<group>"; };
		775E09381BA9606D00599A91 /* PDProductViewModel.h */ = {isa = PBXFileReference; fileEncoding = 4; lastKnownFileType = sourcecode.c.h; path = PDProductViewModel.h; sourceTree = "<group>"; };
		775E09391BA9606D00599A91 /* PDProductViewModel.m */ = {isa = PBXFileReference; fileEncoding = 4; lastKnownFileType = sourcecode.c.objc; path = PDProductViewModel.m; sourceTree = "<group>"; };
		775E09431BA9644700599A91 /* MJRefreshAutoFooter.h */ = {isa = PBXFileReference; fileEncoding = 4; lastKnownFileType = sourcecode.c.h; path = MJRefreshAutoFooter.h; sourceTree = "<group>"; };
		775E09441BA9644700599A91 /* MJRefreshAutoFooter.m */ = {isa = PBXFileReference; fileEncoding = 4; lastKnownFileType = sourcecode.c.objc; path = MJRefreshAutoFooter.m; sourceTree = "<group>"; };
		775E09451BA9644700599A91 /* MJRefreshBackFooter.h */ = {isa = PBXFileReference; fileEncoding = 4; lastKnownFileType = sourcecode.c.h; path = MJRefreshBackFooter.h; sourceTree = "<group>"; };
		775E09461BA9644700599A91 /* MJRefreshBackFooter.m */ = {isa = PBXFileReference; fileEncoding = 4; lastKnownFileType = sourcecode.c.objc; path = MJRefreshBackFooter.m; sourceTree = "<group>"; };
		775E09471BA9644700599A91 /* MJRefreshComponent.h */ = {isa = PBXFileReference; fileEncoding = 4; lastKnownFileType = sourcecode.c.h; path = MJRefreshComponent.h; sourceTree = "<group>"; };
		775E09481BA9644700599A91 /* MJRefreshComponent.m */ = {isa = PBXFileReference; fileEncoding = 4; lastKnownFileType = sourcecode.c.objc; path = MJRefreshComponent.m; sourceTree = "<group>"; };
		775E09491BA9644700599A91 /* MJRefreshFooter.h */ = {isa = PBXFileReference; fileEncoding = 4; lastKnownFileType = sourcecode.c.h; path = MJRefreshFooter.h; sourceTree = "<group>"; };
		775E094A1BA9644700599A91 /* MJRefreshFooter.m */ = {isa = PBXFileReference; fileEncoding = 4; lastKnownFileType = sourcecode.c.objc; path = MJRefreshFooter.m; sourceTree = "<group>"; };
		775E094B1BA9644700599A91 /* MJRefreshHeader.h */ = {isa = PBXFileReference; fileEncoding = 4; lastKnownFileType = sourcecode.c.h; path = MJRefreshHeader.h; sourceTree = "<group>"; };
		775E094C1BA9644700599A91 /* MJRefreshHeader.m */ = {isa = PBXFileReference; fileEncoding = 4; lastKnownFileType = sourcecode.c.objc; path = MJRefreshHeader.m; sourceTree = "<group>"; };
		775E09501BA9644700599A91 /* MJRefreshAutoGifFooter.h */ = {isa = PBXFileReference; fileEncoding = 4; lastKnownFileType = sourcecode.c.h; path = MJRefreshAutoGifFooter.h; sourceTree = "<group>"; };
		775E09511BA9644700599A91 /* MJRefreshAutoGifFooter.m */ = {isa = PBXFileReference; fileEncoding = 4; lastKnownFileType = sourcecode.c.objc; path = MJRefreshAutoGifFooter.m; sourceTree = "<group>"; };
		775E09521BA9644700599A91 /* MJRefreshAutoNormalFooter.h */ = {isa = PBXFileReference; fileEncoding = 4; lastKnownFileType = sourcecode.c.h; path = MJRefreshAutoNormalFooter.h; sourceTree = "<group>"; };
		775E09531BA9644700599A91 /* MJRefreshAutoNormalFooter.m */ = {isa = PBXFileReference; fileEncoding = 4; lastKnownFileType = sourcecode.c.objc; path = MJRefreshAutoNormalFooter.m; sourceTree = "<group>"; };
		775E09541BA9644700599A91 /* MJRefreshAutoStateFooter.h */ = {isa = PBXFileReference; fileEncoding = 4; lastKnownFileType = sourcecode.c.h; path = MJRefreshAutoStateFooter.h; sourceTree = "<group>"; };
		775E09551BA9644700599A91 /* MJRefreshAutoStateFooter.m */ = {isa = PBXFileReference; fileEncoding = 4; lastKnownFileType = sourcecode.c.objc; path = MJRefreshAutoStateFooter.m; sourceTree = "<group>"; };
		775E09571BA9644700599A91 /* MJRefreshBackGifFooter.h */ = {isa = PBXFileReference; fileEncoding = 4; lastKnownFileType = sourcecode.c.h; path = MJRefreshBackGifFooter.h; sourceTree = "<group>"; };
		775E09581BA9644700599A91 /* MJRefreshBackGifFooter.m */ = {isa = PBXFileReference; fileEncoding = 4; lastKnownFileType = sourcecode.c.objc; path = MJRefreshBackGifFooter.m; sourceTree = "<group>"; };
		775E09591BA9644700599A91 /* MJRefreshBackNormalFooter.h */ = {isa = PBXFileReference; fileEncoding = 4; lastKnownFileType = sourcecode.c.h; path = MJRefreshBackNormalFooter.h; sourceTree = "<group>"; };
		775E095A1BA9644700599A91 /* MJRefreshBackNormalFooter.m */ = {isa = PBXFileReference; fileEncoding = 4; lastKnownFileType = sourcecode.c.objc; path = MJRefreshBackNormalFooter.m; sourceTree = "<group>"; };
		775E095B1BA9644700599A91 /* MJRefreshBackStateFooter.h */ = {isa = PBXFileReference; fileEncoding = 4; lastKnownFileType = sourcecode.c.h; path = MJRefreshBackStateFooter.h; sourceTree = "<group>"; };
		775E095C1BA9644700599A91 /* MJRefreshBackStateFooter.m */ = {isa = PBXFileReference; fileEncoding = 4; lastKnownFileType = sourcecode.c.objc; path = MJRefreshBackStateFooter.m; sourceTree = "<group>"; };
		775E095E1BA9644700599A91 /* MJRefreshGifHeader.h */ = {isa = PBXFileReference; fileEncoding = 4; lastKnownFileType = sourcecode.c.h; path = MJRefreshGifHeader.h; sourceTree = "<group>"; };
		775E095F1BA9644700599A91 /* MJRefreshGifHeader.m */ = {isa = PBXFileReference; fileEncoding = 4; lastKnownFileType = sourcecode.c.objc; path = MJRefreshGifHeader.m; sourceTree = "<group>"; };
		775E09601BA9644700599A91 /* MJRefreshNormalHeader.h */ = {isa = PBXFileReference; fileEncoding = 4; lastKnownFileType = sourcecode.c.h; path = MJRefreshNormalHeader.h; sourceTree = "<group>"; };
		775E09611BA9644700599A91 /* MJRefreshNormalHeader.m */ = {isa = PBXFileReference; fileEncoding = 4; lastKnownFileType = sourcecode.c.objc; path = MJRefreshNormalHeader.m; sourceTree = "<group>"; };
		775E09621BA9644700599A91 /* MJRefreshStateHeader.h */ = {isa = PBXFileReference; fileEncoding = 4; lastKnownFileType = sourcecode.c.h; path = MJRefreshStateHeader.h; sourceTree = "<group>"; };
		775E09631BA9644700599A91 /* MJRefreshStateHeader.m */ = {isa = PBXFileReference; fileEncoding = 4; lastKnownFileType = sourcecode.c.objc; path = MJRefreshStateHeader.m; sourceTree = "<group>"; };
		775E09641BA9644700599A91 /* MJRefresh.bundle */ = {isa = PBXFileReference; lastKnownFileType = "wrapper.plug-in"; path = MJRefresh.bundle; sourceTree = "<group>"; };
		775E09651BA9644700599A91 /* MJRefresh.h */ = {isa = PBXFileReference; fileEncoding = 4; lastKnownFileType = sourcecode.c.h; path = MJRefresh.h; sourceTree = "<group>"; };
		775E09661BA9644700599A91 /* MJRefreshConst.h */ = {isa = PBXFileReference; fileEncoding = 4; lastKnownFileType = sourcecode.c.h; path = MJRefreshConst.h; sourceTree = "<group>"; };
		775E09671BA9644700599A91 /* MJRefreshConst.m */ = {isa = PBXFileReference; fileEncoding = 4; lastKnownFileType = sourcecode.c.objc; path = MJRefreshConst.m; sourceTree = "<group>"; };
		775E09681BA9644700599A91 /* UIScrollView+MJExtension.h */ = {isa = PBXFileReference; fileEncoding = 4; lastKnownFileType = sourcecode.c.h; path = "UIScrollView+MJExtension.h"; sourceTree = "<group>"; };
		775E09691BA9644700599A91 /* UIScrollView+MJExtension.m */ = {isa = PBXFileReference; fileEncoding = 4; lastKnownFileType = sourcecode.c.objc; path = "UIScrollView+MJExtension.m"; sourceTree = "<group>"; };
		775E096A1BA9644700599A91 /* UIScrollView+MJRefresh.h */ = {isa = PBXFileReference; fileEncoding = 4; lastKnownFileType = sourcecode.c.h; path = "UIScrollView+MJRefresh.h"; sourceTree = "<group>"; };
		775E096B1BA9644700599A91 /* UIScrollView+MJRefresh.m */ = {isa = PBXFileReference; fileEncoding = 4; lastKnownFileType = sourcecode.c.objc; path = "UIScrollView+MJRefresh.m"; sourceTree = "<group>"; };
		775E096C1BA9644700599A91 /* UIView+MJExtension.h */ = {isa = PBXFileReference; fileEncoding = 4; lastKnownFileType = sourcecode.c.h; path = "UIView+MJExtension.h"; sourceTree = "<group>"; };
		775E096D1BA9644700599A91 /* UIView+MJExtension.m */ = {isa = PBXFileReference; fileEncoding = 4; lastKnownFileType = sourcecode.c.objc; path = "UIView+MJExtension.m"; sourceTree = "<group>"; };
		775E09811BA97A4F00599A91 /* Product.h */ = {isa = PBXFileReference; fileEncoding = 4; lastKnownFileType = sourcecode.c.h; path = Product.h; sourceTree = "<group>"; };
		775E09821BA97A4F00599A91 /* Product.m */ = {isa = PBXFileReference; fileEncoding = 4; lastKnownFileType = sourcecode.c.objc; path = Product.m; sourceTree = "<group>"; };
		775E09841BA97A6F00599A91 /* PDLeftTableViewProtocol.h */ = {isa = PBXFileReference; fileEncoding = 4; lastKnownFileType = sourcecode.c.h; path = PDLeftTableViewProtocol.h; sourceTree = "<group>"; };
		775E09851BA97A6F00599A91 /* PDLeftTableViewProtocol.m */ = {isa = PBXFileReference; fileEncoding = 4; lastKnownFileType = sourcecode.c.objc; path = PDLeftTableViewProtocol.m; sourceTree = "<group>"; };
		775E09861BA97A6F00599A91 /* PDRightTableViewProtocol.h */ = {isa = PBXFileReference; fileEncoding = 4; lastKnownFileType = sourcecode.c.h; path = PDRightTableViewProtocol.h; sourceTree = "<group>"; };
		775E09871BA97A6F00599A91 /* PDRightTableViewProtocol.m */ = {isa = PBXFileReference; fileEncoding = 4; lastKnownFileType = sourcecode.c.objc; path = PDRightTableViewProtocol.m; sourceTree = "<group>"; };
		775E098A1BA97A8200599A91 /* PDProductListCell.h */ = {isa = PBXFileReference; fileEncoding = 4; lastKnownFileType = sourcecode.c.h; path = PDProductListCell.h; sourceTree = "<group>"; };
		775E098B1BA97A8200599A91 /* PDProductListCell.m */ = {isa = PBXFileReference; fileEncoding = 4; lastKnownFileType = sourcecode.c.objc; path = PDProductListCell.m; sourceTree = "<group>"; };
		775E098C1BA97A8200599A91 /* PDProductListCell.xib */ = {isa = PBXFileReference; fileEncoding = 4; lastKnownFileType = file.xib; path = PDProductListCell.xib; sourceTree = "<group>"; };
		775E098D1BA97A8200599A91 /* PDProductVersionCell.h */ = {isa = PBXFileReference; fileEncoding = 4; lastKnownFileType = sourcecode.c.h; path = PDProductVersionCell.h; sourceTree = "<group>"; };
		775E098E1BA97A8200599A91 /* PDProductVersionCell.m */ = {isa = PBXFileReference; fileEncoding = 4; lastKnownFileType = sourcecode.c.objc; path = PDProductVersionCell.m; sourceTree = "<group>"; };
		775E098F1BA97A8200599A91 /* PDProductVersionCell.xib */ = {isa = PBXFileReference; fileEncoding = 4; lastKnownFileType = file.xib; path = PDProductVersionCell.xib; sourceTree = "<group>"; };
		775E09941BA97A9300599A91 /* PDViewController.h */ = {isa = PBXFileReference; fileEncoding = 4; lastKnownFileType = sourcecode.c.h; path = PDViewController.h; sourceTree = "<group>"; };
		775E09951BA97A9300599A91 /* PDViewController.m */ = {isa = PBXFileReference; fileEncoding = 4; lastKnownFileType = sourcecode.c.objc; path = PDViewController.m; sourceTree = "<group>"; };
		775E09971BA97ADB00599A91 /* AppDelegate.h */ = {isa = PBXFileReference; fileEncoding = 4; lastKnownFileType = sourcecode.c.h; path = AppDelegate.h; sourceTree = "<group>"; };
		775E09981BA97ADB00599A91 /* AppDelegate.m */ = {isa = PBXFileReference; fileEncoding = 4; lastKnownFileType = sourcecode.c.objc; path = AppDelegate.m; sourceTree = "<group>"; };
		775E099B1BA97B2C00599A91 /* AFHTTPRequestOperation.h */ = {isa = PBXFileReference; fileEncoding = 4; lastKnownFileType = sourcecode.c.h; path = AFHTTPRequestOperation.h; sourceTree = "<group>"; };
		775E099C1BA97B2C00599A91 /* AFHTTPRequestOperation.m */ = {isa = PBXFileReference; fileEncoding = 4; lastKnownFileType = sourcecode.c.objc; path = AFHTTPRequestOperation.m; sourceTree = "<group>"; };
		775E099D1BA97B2C00599A91 /* AFHTTPRequestOperationManager.h */ = {isa = PBXFileReference; fileEncoding = 4; lastKnownFileType = sourcecode.c.h; path = AFHTTPRequestOperationManager.h; sourceTree = "<group>"; };
		775E099E1BA97B2C00599A91 /* AFHTTPRequestOperationManager.m */ = {isa = PBXFileReference; fileEncoding = 4; lastKnownFileType = sourcecode.c.objc; path = AFHTTPRequestOperationManager.m; sourceTree = "<group>"; };
		775E099F1BA97B2C00599A91 /* AFHTTPSessionManager.h */ = {isa = PBXFileReference; fileEncoding = 4; lastKnownFileType = sourcecode.c.h; path = AFHTTPSessionManager.h; sourceTree = "<group>"; };
		775E09A01BA97B2C00599A91 /* AFHTTPSessionManager.m */ = {isa = PBXFileReference; fileEncoding = 4; lastKnownFileType = sourcecode.c.objc; path = AFHTTPSessionManager.m; sourceTree = "<group>"; };
		775E09A11BA97B2C00599A91 /* AFNetworking.h */ = {isa = PBXFileReference; fileEncoding = 4; lastKnownFileType = sourcecode.c.h; path = AFNetworking.h; sourceTree = "<group>"; };
		775E09A21BA97B2C00599A91 /* AFNetworkReachabilityManager.h */ = {isa = PBXFileReference; fileEncoding = 4; lastKnownFileType = sourcecode.c.h; path = AFNetworkReachabilityManager.h; sourceTree = "<group>"; };
		775E09A31BA97B2C00599A91 /* AFNetworkReachabilityManager.m */ = {isa = PBXFileReference; fileEncoding = 4; lastKnownFileType = sourcecode.c.objc; path = AFNetworkReachabilityManager.m; sourceTree = "<group>"; };
		775E09A41BA97B2C00599A91 /* AFSecurityPolicy.h */ = {isa = PBXFileReference; fileEncoding = 4; lastKnownFileType = sourcecode.c.h; path = AFSecurityPolicy.h; sourceTree = "<group>"; };
		775E09A51BA97B2C00599A91 /* AFSecurityPolicy.m */ = {isa = PBXFileReference; fileEncoding = 4; lastKnownFileType = sourcecode.c.objc; path = AFSecurityPolicy.m; sourceTree = "<group>"; };
		775E09A61BA97B2C00599A91 /* AFURLConnectionOperation.h */ = {isa = PBXFileReference; fileEncoding = 4; lastKnownFileType = sourcecode.c.h; path = AFURLConnectionOperation.h; sourceTree = "<group>"; };
		775E09A71BA97B2C00599A91 /* AFURLConnectionOperation.m */ = {isa = PBXFileReference; fileEncoding = 4; lastKnownFileType = sourcecode.c.objc; path = AFURLConnectionOperation.m; sourceTree = "<group>"; };
		775E09A81BA97B2C00599A91 /* AFURLRequestSerialization.h */ = {isa = PBXFileReference; fileEncoding = 4; lastKnownFileType = sourcecode.c.h; path = AFURLRequestSerialization.h; sourceTree = "<group>"; };
		775E09A91BA97B2C00599A91 /* AFURLRequestSerialization.m */ = {isa = PBXFileReference; fileEncoding = 4; lastKnownFileType = sourcecode.c.objc; path = AFURLRequestSerialization.m; sourceTree = "<group>"; };
		775E09AA1BA97B2C00599A91 /* AFURLResponseSerialization.h */ = {isa = PBXFileReference; fileEncoding = 4; lastKnownFileType = sourcecode.c.h; path = AFURLResponseSerialization.h; sourceTree = "<group>"; };
		775E09AB1BA97B2C00599A91 /* AFURLResponseSerialization.m */ = {isa = PBXFileReference; fileEncoding = 4; lastKnownFileType = sourcecode.c.objc; path = AFURLResponseSerialization.m; sourceTree = "<group>"; };
		775E09AC1BA97B2C00599A91 /* AFURLSessionManager.h */ = {isa = PBXFileReference; fileEncoding = 4; lastKnownFileType = sourcecode.c.h; path = AFURLSessionManager.h; sourceTree = "<group>"; };
		775E09AD1BA97B2C00599A91 /* AFURLSessionManager.m */ = {isa = PBXFileReference; fileEncoding = 4; lastKnownFileType = sourcecode.c.objc; path = AFURLSessionManager.m; sourceTree = "<group>"; };
		775E09AE1BA97B2C00599A91 /* Info.plist */ = {isa = PBXFileReference; fileEncoding = 4; lastKnownFileType = text.plist.xml; path = Info.plist; sourceTree = "<group>"; };
		775E09B01BA97B2C00599A91 /* APService.h */ = {isa = PBXFileReference; fileEncoding = 4; lastKnownFileType = sourcecode.c.h; path = APService.h; sourceTree = "<group>"; };
		775E09B11BA97B2C00599A91 /* libPushSDK-1.8.5.a */ = {isa = PBXFileReference; lastKnownFileType = archive.ar; path = "libPushSDK-1.8.5.a"; sourceTree = "<group>"; };
		775E09B41BA97B2C00599A91 /* MJDictionaryCache.h */ = {isa = PBXFileReference; fileEncoding = 4; lastKnownFileType = sourcecode.c.h; path = MJDictionaryCache.h; sourceTree = "<group>"; };
		775E09B51BA97B2C00599A91 /* MJDictionaryCache.m */ = {isa = PBXFileReference; fileEncoding = 4; lastKnownFileType = sourcecode.c.objc; path = MJDictionaryCache.m; sourceTree = "<group>"; };
		775E09B61BA97B2C00599A91 /* MJExtension.h */ = {isa = PBXFileReference; fileEncoding = 4; lastKnownFileType = sourcecode.c.h; path = MJExtension.h; sourceTree = "<group>"; };
		775E09B71BA97B2C00599A91 /* MJExtensionConst.h */ = {isa = PBXFileReference; fileEncoding = 4; lastKnownFileType = sourcecode.c.h; path = MJExtensionConst.h; sourceTree = "<group>"; };
		775E09B81BA97B2C00599A91 /* MJExtensionConst.m */ = {isa = PBXFileReference; fileEncoding = 4; lastKnownFileType = sourcecode.c.objc; path = MJExtensionConst.m; sourceTree = "<group>"; };
		775E09B91BA97B2C00599A91 /* MJFoundation.h */ = {isa = PBXFileReference; fileEncoding = 4; lastKnownFileType = sourcecode.c.h; path = MJFoundation.h; sourceTree = "<group>"; };
		775E09BA1BA97B2C00599A91 /* MJFoundation.m */ = {isa = PBXFileReference; fileEncoding = 4; lastKnownFileType = sourcecode.c.objc; path = MJFoundation.m; sourceTree = "<group>"; };
		775E09BB1BA97B2C00599A91 /* MJProperty.h */ = {isa = PBXFileReference; fileEncoding = 4; lastKnownFileType = sourcecode.c.h; path = MJProperty.h; sourceTree = "<group>"; };
		775E09BC1BA97B2C00599A91 /* MJProperty.m */ = {isa = PBXFileReference; fileEncoding = 4; lastKnownFileType = sourcecode.c.objc; path = MJProperty.m; sourceTree = "<group>"; };
		775E09BD1BA97B2C00599A91 /* MJPropertyKey.h */ = {isa = PBXFileReference; fileEncoding = 4; lastKnownFileType = sourcecode.c.h; path = MJPropertyKey.h; sourceTree = "<group>"; };
		775E09BE1BA97B2C00599A91 /* MJPropertyKey.m */ = {isa = PBXFileReference; fileEncoding = 4; lastKnownFileType = sourcecode.c.objc; path = MJPropertyKey.m; sourceTree = "<group>"; };
		775E09BF1BA97B2C00599A91 /* MJPropertyType.h */ = {isa = PBXFileReference; fileEncoding = 4; lastKnownFileType = sourcecode.c.h; path = MJPropertyType.h; sourceTree = "<group>"; };
		775E09C01BA97B2C00599A91 /* MJPropertyType.m */ = {isa = PBXFileReference; fileEncoding = 4; lastKnownFileType = sourcecode.c.objc; path = MJPropertyType.m; sourceTree = "<group>"; };
		775E09C11BA97B2C00599A91 /* NSObject+MJClass.h */ = {isa = PBXFileReference; fileEncoding = 4; lastKnownFileType = sourcecode.c.h; path = "NSObject+MJClass.h"; sourceTree = "<group>"; };
		775E09C21BA97B2C00599A91 /* NSObject+MJClass.m */ = {isa = PBXFileReference; fileEncoding = 4; lastKnownFileType = sourcecode.c.objc; path = "NSObject+MJClass.m"; sourceTree = "<group>"; };
		775E09C31BA97B2C00599A91 /* NSObject+MJCoding.h */ = {isa = PBXFileReference; fileEncoding = 4; lastKnownFileType = sourcecode.c.h; path = "NSObject+MJCoding.h"; sourceTree = "<group>"; };
		775E09C41BA97B2C00599A91 /* NSObject+MJCoding.m */ = {isa = PBXFileReference; fileEncoding = 4; lastKnownFileType = sourcecode.c.objc; path = "NSObject+MJCoding.m"; sourceTree = "<group>"; };
		775E09C51BA97B2C00599A91 /* NSObject+MJKeyValue.h */ = {isa = PBXFileReference; fileEncoding = 4; lastKnownFileType = sourcecode.c.h; path = "NSObject+MJKeyValue.h"; sourceTree = "<group>"; };
		775E09C61BA97B2C00599A91 /* NSObject+MJKeyValue.m */ = {isa = PBXFileReference; fileEncoding = 4; lastKnownFileType = sourcecode.c.objc; path = "NSObject+MJKeyValue.m"; sourceTree = "<group>"; };
		775E09C71BA97B2C00599A91 /* NSObject+MJProperty.h */ = {isa = PBXFileReference; fileEncoding = 4; lastKnownFileType = sourcecode.c.h; path = "NSObject+MJProperty.h"; sourceTree = "<group>"; };
		775E09C81BA97B2C00599A91 /* NSObject+MJProperty.m */ = {isa = PBXFileReference; fileEncoding = 4; lastKnownFileType = sourcecode.c.objc; path = "NSObject+MJProperty.m"; sourceTree = "<group>"; };
		775E09C91BA97B2C00599A91 /* NSString+MJExtension.h */ = {isa = PBXFileReference; fileEncoding = 4; lastKnownFileType = sourcecode.c.h; path = "NSString+MJExtension.h"; sourceTree = "<group>"; };
		775E09CA1BA97B2C00599A91 /* NSString+MJExtension.m */ = {isa = PBXFileReference; fileEncoding = 4; lastKnownFileType = sourcecode.c.objc; path = "NSString+MJExtension.m"; sourceTree = "<group>"; };
		775E09F81BA97B2C00599A91 /* PushConfig.plist */ = {isa = PBXFileReference; fileEncoding = 4; lastKnownFileType = text.plist.xml; path = PushConfig.plist; sourceTree = "<group>"; };
		775E09FA1BA97B2C00599A91 /* MKAnnotationView+WebCache.h */ = {isa = PBXFileReference; fileEncoding = 4; lastKnownFileType = sourcecode.c.h; path = "MKAnnotationView+WebCache.h"; sourceTree = "<group>"; };
		775E09FB1BA97B2C00599A91 /* MKAnnotationView+WebCache.m */ = {isa = PBXFileReference; fileEncoding = 4; lastKnownFileType = sourcecode.c.objc; path = "MKAnnotationView+WebCache.m"; sourceTree = "<group>"; };
		775E09FC1BA97B2C00599A91 /* NSData+ImageContentType.h */ = {isa = PBXFileReference; fileEncoding = 4; lastKnownFileType = sourcecode.c.h; path = "NSData+ImageContentType.h"; sourceTree = "<group>"; };
		775E09FD1BA97B2C00599A91 /* NSData+ImageContentType.m */ = {isa = PBXFileReference; fileEncoding = 4; lastKnownFileType = sourcecode.c.objc; path = "NSData+ImageContentType.m"; sourceTree = "<group>"; };
		775E09FE1BA97B2C00599A91 /* SDImageCache.h */ = {isa = PBXFileReference; fileEncoding = 4; lastKnownFileType = sourcecode.c.h; path = SDImageCache.h; sourceTree = "<group>"; };
		775E09FF1BA97B2C00599A91 /* SDImageCache.m */ = {isa = PBXFileReference; fileEncoding = 4; lastKnownFileType = sourcecode.c.objc; path = SDImageCache.m; sourceTree = "<group>"; };
		775E0A001BA97B2C00599A91 /* SDWebImageCompat.h */ = {isa = PBXFileReference; fileEncoding = 4; lastKnownFileType = sourcecode.c.h; path = SDWebImageCompat.h; sourceTree = "<group>"; };
		775E0A011BA97B2C00599A91 /* SDWebImageCompat.m */ = {isa = PBXFileReference; fileEncoding = 4; lastKnownFileType = sourcecode.c.objc; path = SDWebImageCompat.m; sourceTree = "<group>"; };
		775E0A021BA97B2C00599A91 /* SDWebImageDecoder.h */ = {isa = PBXFileReference; fileEncoding = 4; lastKnownFileType = sourcecode.c.h; path = SDWebImageDecoder.h; sourceTree = "<group>"; };
		775E0A031BA97B2C00599A91 /* SDWebImageDecoder.m */ = {isa = PBXFileReference; fileEncoding = 4; lastKnownFileType = sourcecode.c.objc; path = SDWebImageDecoder.m; sourceTree = "<group>"; };
		775E0A041BA97B2C00599A91 /* SDWebImageDownloader.h */ = {isa = PBXFileReference; fileEncoding = 4; lastKnownFileType = sourcecode.c.h; path = SDWebImageDownloader.h; sourceTree = "<group>"; };
		775E0A051BA97B2C00599A91 /* SDWebImageDownloader.m */ = {isa = PBXFileReference; fileEncoding = 4; lastKnownFileType = sourcecode.c.objc; path = SDWebImageDownloader.m; sourceTree = "<group>"; };
		775E0A061BA97B2C00599A91 /* SDWebImageDownloaderOperation.h */ = {isa = PBXFileReference; fileEncoding = 4; lastKnownFileType = sourcecode.c.h; path = SDWebImageDownloaderOperation.h; sourceTree = "<group>"; };
		775E0A071BA97B2C00599A91 /* SDWebImageDownloaderOperation.m */ = {isa = PBXFileReference; fileEncoding = 4; lastKnownFileType = sourcecode.c.objc; path = SDWebImageDownloaderOperation.m; sourceTree = "<group>"; };
		775E0A081BA97B2C00599A91 /* SDWebImageManager.h */ = {isa = PBXFileReference; fileEncoding = 4; lastKnownFileType = sourcecode.c.h; path = SDWebImageManager.h; sourceTree = "<group>"; };
		775E0A091BA97B2C00599A91 /* SDWebImageManager.m */ = {isa = PBXFileReference; fileEncoding = 4; lastKnownFileType = sourcecode.c.objc; path = SDWebImageManager.m; sourceTree = "<group>"; };
		775E0A0A1BA97B2C00599A91 /* SDWebImageOperation.h */ = {isa = PBXFileReference; fileEncoding = 4; lastKnownFileType = sourcecode.c.h; path = SDWebImageOperation.h; sourceTree = "<group>"; };
		775E0A0B1BA97B2C00599A91 /* SDWebImagePrefetcher.h */ = {isa = PBXFileReference; fileEncoding = 4; lastKnownFileType = sourcecode.c.h; path = SDWebImagePrefetcher.h; sourceTree = "<group>"; };
		775E0A0C1BA97B2C00599A91 /* SDWebImagePrefetcher.m */ = {isa = PBXFileReference; fileEncoding = 4; lastKnownFileType = sourcecode.c.objc; path = SDWebImagePrefetcher.m; sourceTree = "<group>"; };
		775E0A0D1BA97B2C00599A91 /* UIButton+WebCache.h */ = {isa = PBXFileReference; fileEncoding = 4; lastKnownFileType = sourcecode.c.h; path = "UIButton+WebCache.h"; sourceTree = "<group>"; };
		775E0A0E1BA97B2C00599A91 /* UIButton+WebCache.m */ = {isa = PBXFileReference; fileEncoding = 4; lastKnownFileType = sourcecode.c.objc; path = "UIButton+WebCache.m"; sourceTree = "<group>"; };
		775E0A0F1BA97B2C00599A91 /* UIImage+GIF.h */ = {isa = PBXFileReference; fileEncoding = 4; lastKnownFileType = sourcecode.c.h; path = "UIImage+GIF.h"; sourceTree = "<group>"; };
		775E0A101BA97B2C00599A91 /* UIImage+GIF.m */ = {isa = PBXFileReference; fileEncoding = 4; lastKnownFileType = sourcecode.c.objc; path = "UIImage+GIF.m"; sourceTree = "<group>"; };
		775E0A111BA97B2C00599A91 /* UIImage+MultiFormat.h */ = {isa = PBXFileReference; fileEncoding = 4; lastKnownFileType = sourcecode.c.h; path = "UIImage+MultiFormat.h"; sourceTree = "<group>"; };
		775E0A121BA97B2C00599A91 /* UIImage+MultiFormat.m */ = {isa = PBXFileReference; fileEncoding = 4; lastKnownFileType = sourcecode.c.objc; path = "UIImage+MultiFormat.m"; sourceTree = "<group>"; };
		775E0A131BA97B2C00599A91 /* UIImage+WebP.h */ = {isa = PBXFileReference; fileEncoding = 4; lastKnownFileType = sourcecode.c.h; path = "UIImage+WebP.h"; sourceTree = "<group>"; };
		775E0A141BA97B2C00599A91 /* UIImage+WebP.m */ = {isa = PBXFileReference; fileEncoding = 4; lastKnownFileType = sourcecode.c.objc; path = "UIImage+WebP.m"; sourceTree = "<group>"; };
		775E0A151BA97B2C00599A91 /* UIImageView+HighlightedWebCache.h */ = {isa = PBXFileReference; fileEncoding = 4; lastKnownFileType = sourcecode.c.h; path = "UIImageView+HighlightedWebCache.h"; sourceTree = "<group>"; };
		775E0A161BA97B2C00599A91 /* UIImageView+HighlightedWebCache.m */ = {isa = PBXFileReference; fileEncoding = 4; lastKnownFileType = sourcecode.c.objc; path = "UIImageView+HighlightedWebCache.m"; sourceTree = "<group>"; };
		775E0A171BA97B2C00599A91 /* UIImageView+WebCache.h */ = {isa = PBXFileReference; fileEncoding = 4; lastKnownFileType = sourcecode.c.h; path = "UIImageView+WebCache.h"; sourceTree = "<group>"; };
		775E0A181BA97B2C00599A91 /* UIImageView+WebCache.m */ = {isa = PBXFileReference; fileEncoding = 4; lastKnownFileType = sourcecode.c.objc; path = "UIImageView+WebCache.m"; sourceTree = "<group>"; };
		775E0A191BA97B2C00599A91 /* UIView+WebCacheOperation.h */ = {isa = PBXFileReference; fileEncoding = 4; lastKnownFileType = sourcecode.c.h; path = "UIView+WebCacheOperation.h"; sourceTree = "<group>"; };
		775E0A1A1BA97B2C00599A91 /* UIView+WebCacheOperation.m */ = {isa = PBXFileReference; fileEncoding = 4; lastKnownFileType = sourcecode.c.objc; path = "UIView+WebCacheOperation.m"; sourceTree = "<group>"; };
		775E0A591BA97D5B00599A91 /* ModelConstants.h */ = {isa = PBXFileReference; fileEncoding = 4; lastKnownFileType = sourcecode.c.h; path = ModelConstants.h; sourceTree = "<group>"; };
		775E0A5B1BA97E9D00599A91 /* BuildCenter-Prefix.pch */ = {isa = PBXFileReference; fileEncoding = 4; lastKnownFileType = sourcecode.c.h; path = "BuildCenter-Prefix.pch"; sourceTree = "<group>"; };
		776099B11BA441A3009FEFD3 /* PDProductApi.h */ = {isa = PBXFileReference; fileEncoding = 4; lastKnownFileType = sourcecode.c.h; path = PDProductApi.h; sourceTree = "<group>"; };
		776099B21BA441A3009FEFD3 /* PDProductApi.m */ = {isa = PBXFileReference; fileEncoding = 4; lastKnownFileType = sourcecode.c.objc; path = PDProductApi.m; sourceTree = "<group>"; };
/* End PBXFileReference section */

/* Begin PBXFrameworksBuildPhase section */
		774A8BA01BA17688001184D3 /* Frameworks */ = {
			isa = PBXFrameworksBuildPhase;
			buildActionMask = 2147483647;
			files = (
				774A8BDF1BA18168001184D3 /* libz.dylib in Frameworks */,
				775E0A251BA97B2C00599A91 /* libPushSDK-1.8.5.a in Frameworks */,
				774A8BDD1BA1815E001184D3 /* Security.framework in Frameworks */,
				774A8BDB1BA18153001184D3 /* CoreGraphics.framework in Frameworks */,
				774A8BD91BA18149001184D3 /* SystemConfiguration.framework in Frameworks */,
				774A8BD71BA1813F001184D3 /* CoreTelephony.framework in Frameworks */,
				774A8BD51BA18135001184D3 /* CoreFoundation.framework in Frameworks */,
				774A8BD11BA1790F001184D3 /* CFNetwork.framework in Frameworks */,
			);
			runOnlyForDeploymentPostprocessing = 0;
		};
		774A8BB91BA17688001184D3 /* Frameworks */ = {
			isa = PBXFrameworksBuildPhase;
			buildActionMask = 2147483647;
			files = (
			);
			runOnlyForDeploymentPostprocessing = 0;
		};
/* End PBXFrameworksBuildPhase section */

/* Begin PBXGroup section */
		774A8B9A1BA17688001184D3 = {
			isa = PBXGroup;
			children = (
				774A8BA51BA17688001184D3 /* BuildCenter */,
				774A8BA41BA17688001184D3 /* Products */,
				776099A31BA429E9009FEFD3 /* Framework */,
				774A8BBF1BA17688001184D3 /* BuildCenterTests */,
			);
			sourceTree = "<group>";
		};
		774A8BA41BA17688001184D3 /* Products */ = {
			isa = PBXGroup;
			children = (
				774A8BA31BA17688001184D3 /* BuildCenter.app */,
				774A8BBC1BA17688001184D3 /* BuildCenterTests.xctest */,
			);
			name = Products;
			sourceTree = "<group>";
		};
		774A8BA51BA17688001184D3 /* BuildCenter */ = {
			isa = PBXGroup;
			children = (
				776099A51BA436AC009FEFD3 /* Classes */,
				776099A41BA43153009FEFD3 /* Supports */,
				774A8BB01BA17688001184D3 /* Main.storyboard */,
				774A8BA61BA17688001184D3 /* Supporting Files */,
			);
			path = BuildCenter;
			sourceTree = "<group>";
		};
		774A8BA61BA17688001184D3 /* Supporting Files */ = {
			isa = PBXGroup;
			children = (
				774A8BB31BA17688001184D3 /* Images.xcassets */,
				774A8BB51BA17688001184D3 /* LaunchScreen.xib */,
				774A8BA81BA17688001184D3 /* main.m */,
				775E0A5B1BA97E9D00599A91 /* BuildCenter-Prefix.pch */,
			);
			name = "Supporting Files";
			sourceTree = "<group>";
		};
		774A8BBF1BA17688001184D3 /* BuildCenterTests */ = {
			isa = PBXGroup;
			children = (
				774A8BC21BA17688001184D3 /* BuildCenterTests.m */,
				774A8BC01BA17688001184D3 /* Supporting Files */,
			);
			path = BuildCenterTests;
			sourceTree = SOURCE_ROOT;
		};
		774A8BC01BA17688001184D3 /* Supporting Files */ = {
			isa = PBXGroup;
			children = (
				774A8BC11BA17688001184D3 /* Info.plist */,
			);
			name = "Supporting Files";
			sourceTree = "<group>";
		};
		775644731BA832EA00147751 /* Manager */ = {
			isa = PBXGroup;
			children = (
				775644741BA8330100147751 /* PDProductServiceManager.h */,
				775644751BA8330100147751 /* PDProductServiceManager.m */,
			);
			path = Manager;
			sourceTree = "<group>";
		};
		775E09371BA9606D00599A91 /* ViewModel */ = {
			isa = PBXGroup;
			children = (
				775E09381BA9606D00599A91 /* PDProductViewModel.h */,
				775E09391BA9606D00599A91 /* PDProductViewModel.m */,
			);
			path = ViewModel;
			sourceTree = "<group>";
		};
		775E09411BA9644700599A91 /* MJRefresh */ = {
			isa = PBXGroup;
			children = (
				775E09421BA9644700599A91 /* Base */,
				775E094D1BA9644700599A91 /* Custom */,
				775E09641BA9644700599A91 /* MJRefresh.bundle */,
				775E09651BA9644700599A91 /* MJRefresh.h */,
				775E09661BA9644700599A91 /* MJRefreshConst.h */,
				775E09671BA9644700599A91 /* MJRefreshConst.m */,
				775E09681BA9644700599A91 /* UIScrollView+MJExtension.h */,
				775E09691BA9644700599A91 /* UIScrollView+MJExtension.m */,
				775E096A1BA9644700599A91 /* UIScrollView+MJRefresh.h */,
				775E096B1BA9644700599A91 /* UIScrollView+MJRefresh.m */,
				775E096C1BA9644700599A91 /* UIView+MJExtension.h */,
				775E096D1BA9644700599A91 /* UIView+MJExtension.m */,
			);
			path = MJRefresh;
			sourceTree = "<group>";
		};
		775E09421BA9644700599A91 /* Base */ = {
			isa = PBXGroup;
			children = (
				775E09431BA9644700599A91 /* MJRefreshAutoFooter.h */,
				775E09441BA9644700599A91 /* MJRefreshAutoFooter.m */,
				775E09451BA9644700599A91 /* MJRefreshBackFooter.h */,
				775E09461BA9644700599A91 /* MJRefreshBackFooter.m */,
				775E09471BA9644700599A91 /* MJRefreshComponent.h */,
				775E09481BA9644700599A91 /* MJRefreshComponent.m */,
				775E09491BA9644700599A91 /* MJRefreshFooter.h */,
				775E094A1BA9644700599A91 /* MJRefreshFooter.m */,
				775E094B1BA9644700599A91 /* MJRefreshHeader.h */,
				775E094C1BA9644700599A91 /* MJRefreshHeader.m */,
			);
			path = Base;
			sourceTree = "<group>";
		};
		775E094D1BA9644700599A91 /* Custom */ = {
			isa = PBXGroup;
			children = (
				775E094E1BA9644700599A91 /* Footer */,
				775E095D1BA9644700599A91 /* Header */,
			);
			path = Custom;
			sourceTree = "<group>";
		};
		775E094E1BA9644700599A91 /* Footer */ = {
			isa = PBXGroup;
			children = (
				775E094F1BA9644700599A91 /* Auto */,
				775E09561BA9644700599A91 /* Back */,
			);
			path = Footer;
			sourceTree = "<group>";
		};
		775E094F1BA9644700599A91 /* Auto */ = {
			isa = PBXGroup;
			children = (
				775E09501BA9644700599A91 /* MJRefreshAutoGifFooter.h */,
				775E09511BA9644700599A91 /* MJRefreshAutoGifFooter.m */,
				775E09521BA9644700599A91 /* MJRefreshAutoNormalFooter.h */,
				775E09531BA9644700599A91 /* MJRefreshAutoNormalFooter.m */,
				775E09541BA9644700599A91 /* MJRefreshAutoStateFooter.h */,
				775E09551BA9644700599A91 /* MJRefreshAutoStateFooter.m */,
			);
			path = Auto;
			sourceTree = "<group>";
		};
		775E09561BA9644700599A91 /* Back */ = {
			isa = PBXGroup;
			children = (
				775E09571BA9644700599A91 /* MJRefreshBackGifFooter.h */,
				775E09581BA9644700599A91 /* MJRefreshBackGifFooter.m */,
				775E09591BA9644700599A91 /* MJRefreshBackNormalFooter.h */,
				775E095A1BA9644700599A91 /* MJRefreshBackNormalFooter.m */,
				775E095B1BA9644700599A91 /* MJRefreshBackStateFooter.h */,
				775E095C1BA9644700599A91 /* MJRefreshBackStateFooter.m */,
			);
			path = Back;
			sourceTree = "<group>";
		};
		775E095D1BA9644700599A91 /* Header */ = {
			isa = PBXGroup;
			children = (
				775E095E1BA9644700599A91 /* MJRefreshGifHeader.h */,
				775E095F1BA9644700599A91 /* MJRefreshGifHeader.m */,
				775E09601BA9644700599A91 /* MJRefreshNormalHeader.h */,
				775E09611BA9644700599A91 /* MJRefreshNormalHeader.m */,
				775E09621BA9644700599A91 /* MJRefreshStateHeader.h */,
				775E09631BA9644700599A91 /* MJRefreshStateHeader.m */,
			);
			path = Header;
			sourceTree = "<group>";
		};
		775E099A1BA97B2C00599A91 /* AFNetworking */ = {
			isa = PBXGroup;
			children = (
				775E099B1BA97B2C00599A91 /* AFHTTPRequestOperation.h */,
				775E099C1BA97B2C00599A91 /* AFHTTPRequestOperation.m */,
				775E099D1BA97B2C00599A91 /* AFHTTPRequestOperationManager.h */,
				775E099E1BA97B2C00599A91 /* AFHTTPRequestOperationManager.m */,
				775E099F1BA97B2C00599A91 /* AFHTTPSessionManager.h */,
				775E09A01BA97B2C00599A91 /* AFHTTPSessionManager.m */,
				775E09A11BA97B2C00599A91 /* AFNetworking.h */,
				775E09A21BA97B2C00599A91 /* AFNetworkReachabilityManager.h */,
				775E09A31BA97B2C00599A91 /* AFNetworkReachabilityManager.m */,
				775E09A41BA97B2C00599A91 /* AFSecurityPolicy.h */,
				775E09A51BA97B2C00599A91 /* AFSecurityPolicy.m */,
				775E09A61BA97B2C00599A91 /* AFURLConnectionOperation.h */,
				775E09A71BA97B2C00599A91 /* AFURLConnectionOperation.m */,
				775E09A81BA97B2C00599A91 /* AFURLRequestSerialization.h */,
				775E09A91BA97B2C00599A91 /* AFURLRequestSerialization.m */,
				775E09AA1BA97B2C00599A91 /* AFURLResponseSerialization.h */,
				775E09AB1BA97B2C00599A91 /* AFURLResponseSerialization.m */,
				775E09AC1BA97B2C00599A91 /* AFURLSessionManager.h */,
				775E09AD1BA97B2C00599A91 /* AFURLSessionManager.m */,
			);
			path = AFNetworking;
			sourceTree = "<group>";
		};
		775E09AF1BA97B2C00599A91 /* lib */ = {
			isa = PBXGroup;
			children = (
				775E09B01BA97B2C00599A91 /* APService.h */,
				775E09B11BA97B2C00599A91 /* libPushSDK-1.8.5.a */,
			);
			path = lib;
			sourceTree = "<group>";
		};
		775E09B31BA97B2C00599A91 /* MJExtension */ = {
			isa = PBXGroup;
			children = (
				775E09B41BA97B2C00599A91 /* MJDictionaryCache.h */,
				775E09B51BA97B2C00599A91 /* MJDictionaryCache.m */,
				775E09B61BA97B2C00599A91 /* MJExtension.h */,
				775E09B71BA97B2C00599A91 /* MJExtensionConst.h */,
				775E09B81BA97B2C00599A91 /* MJExtensionConst.m */,
				775E09B91BA97B2C00599A91 /* MJFoundation.h */,
				775E09BA1BA97B2C00599A91 /* MJFoundation.m */,
				775E09BB1BA97B2C00599A91 /* MJProperty.h */,
				775E09BC1BA97B2C00599A91 /* MJProperty.m */,
				775E09BD1BA97B2C00599A91 /* MJPropertyKey.h */,
				775E09BE1BA97B2C00599A91 /* MJPropertyKey.m */,
				775E09BF1BA97B2C00599A91 /* MJPropertyType.h */,
				775E09C01BA97B2C00599A91 /* MJPropertyType.m */,
				775E09C11BA97B2C00599A91 /* NSObject+MJClass.h */,
				775E09C21BA97B2C00599A91 /* NSObject+MJClass.m */,
				775E09C31BA97B2C00599A91 /* NSObject+MJCoding.h */,
				775E09C41BA97B2C00599A91 /* NSObject+MJCoding.m */,
				775E09C51BA97B2C00599A91 /* NSObject+MJKeyValue.h */,
				775E09C61BA97B2C00599A91 /* NSObject+MJKeyValue.m */,
				775E09C71BA97B2C00599A91 /* NSObject+MJProperty.h */,
				775E09C81BA97B2C00599A91 /* NSObject+MJProperty.m */,
				775E09C91BA97B2C00599A91 /* NSString+MJExtension.h */,
				775E09CA1BA97B2C00599A91 /* NSString+MJExtension.m */,
			);
			path = MJExtension;
			sourceTree = "<group>";
		};
		775E09F91BA97B2C00599A91 /* SDWebImage */ = {
			isa = PBXGroup;
			children = (
				775E09FA1BA97B2C00599A91 /* MKAnnotationView+WebCache.h */,
				775E09FB1BA97B2C00599A91 /* MKAnnotationView+WebCache.m */,
				775E09FC1BA97B2C00599A91 /* NSData+ImageContentType.h */,
				775E09FD1BA97B2C00599A91 /* NSData+ImageContentType.m */,
				775E09FE1BA97B2C00599A91 /* SDImageCache.h */,
				775E09FF1BA97B2C00599A91 /* SDImageCache.m */,
				775E0A001BA97B2C00599A91 /* SDWebImageCompat.h */,
				775E0A011BA97B2C00599A91 /* SDWebImageCompat.m */,
				775E0A021BA97B2C00599A91 /* SDWebImageDecoder.h */,
				775E0A031BA97B2C00599A91 /* SDWebImageDecoder.m */,
				775E0A041BA97B2C00599A91 /* SDWebImageDownloader.h */,
				775E0A051BA97B2C00599A91 /* SDWebImageDownloader.m */,
				775E0A061BA97B2C00599A91 /* SDWebImageDownloaderOperation.h */,
				775E0A071BA97B2C00599A91 /* SDWebImageDownloaderOperation.m */,
				775E0A081BA97B2C00599A91 /* SDWebImageManager.h */,
				775E0A091BA97B2C00599A91 /* SDWebImageManager.m */,
				775E0A0A1BA97B2C00599A91 /* SDWebImageOperation.h */,
				775E0A0B1BA97B2C00599A91 /* SDWebImagePrefetcher.h */,
				775E0A0C1BA97B2C00599A91 /* SDWebImagePrefetcher.m */,
				775E0A0D1BA97B2C00599A91 /* UIButton+WebCache.h */,
				775E0A0E1BA97B2C00599A91 /* UIButton+WebCache.m */,
				775E0A0F1BA97B2C00599A91 /* UIImage+GIF.h */,
				775E0A101BA97B2C00599A91 /* UIImage+GIF.m */,
				775E0A111BA97B2C00599A91 /* UIImage+MultiFormat.h */,
				775E0A121BA97B2C00599A91 /* UIImage+MultiFormat.m */,
				775E0A131BA97B2C00599A91 /* UIImage+WebP.h */,
				775E0A141BA97B2C00599A91 /* UIImage+WebP.m */,
				775E0A151BA97B2C00599A91 /* UIImageView+HighlightedWebCache.h */,
				775E0A161BA97B2C00599A91 /* UIImageView+HighlightedWebCache.m */,
				775E0A171BA97B2C00599A91 /* UIImageView+WebCache.h */,
				775E0A181BA97B2C00599A91 /* UIImageView+WebCache.m */,
				775E0A191BA97B2C00599A91 /* UIView+WebCacheOperation.h */,
				775E0A1A1BA97B2C00599A91 /* UIView+WebCacheOperation.m */,
			);
			path = SDWebImage;
			sourceTree = "<group>";
		};
		775E0A581BA97D1C00599A91 /* Constants */ = {
			isa = PBXGroup;
			children = (
				775E0A591BA97D5B00599A91 /* ModelConstants.h */,
			);
			path = Constants;
			sourceTree = "<group>";
		};
		776099A31BA429E9009FEFD3 /* Framework */ = {
			isa = PBXGroup;
			children = (
				774A8BDE1BA18168001184D3 /* libz.dylib */,
				774A8BDC1BA1815E001184D3 /* Security.framework */,
				774A8BDA1BA18153001184D3 /* CoreGraphics.framework */,
				774A8BD81BA18149001184D3 /* SystemConfiguration.framework */,
				774A8BD61BA1813F001184D3 /* CoreTelephony.framework */,
				774A8BD41BA18135001184D3 /* CoreFoundation.framework */,
				774A8BD01BA1790F001184D3 /* CFNetwork.framework */,
			);
			name = Framework;
			sourceTree = "<group>";
		};
		776099A41BA43153009FEFD3 /* Supports */ = {
			isa = PBXGroup;
			children = (
				775E099A1BA97B2C00599A91 /* AFNetworking */,
				775E09AE1BA97B2C00599A91 /* Info.plist */,
				775E09AF1BA97B2C00599A91 /* lib */,
				775E09B31BA97B2C00599A91 /* MJExtension */,
				775E09F81BA97B2C00599A91 /* PushConfig.plist */,
				775E09F91BA97B2C00599A91 /* SDWebImage */,
				775E09411BA9644700599A91 /* MJRefresh */,
			);
			path = Supports;
			sourceTree = "<group>";
		};
		776099A51BA436AC009FEFD3 /* Classes */ = {
			isa = PBXGroup;
			children = (
				775E0A581BA97D1C00599A91 /* Constants */,
				776099AD1BA43836009FEFD3 /* Entities */,
				776099A61BA43700009FEFD3 /* AppDelegate */,
				776099A71BA437DB009FEFD3 /* Product */,
			);
			path = Classes;
			sourceTree = "<group>";
		};
		776099A61BA43700009FEFD3 /* AppDelegate */ = {
			isa = PBXGroup;
			children = (
				775E09971BA97ADB00599A91 /* AppDelegate.h */,
				775E09981BA97ADB00599A91 /* AppDelegate.m */,
			);
			path = AppDelegate;
			sourceTree = "<group>";
		};
		776099A71BA437DB009FEFD3 /* Product */ = {
			isa = PBXGroup;
			children = (
				776099A81BA437DB009FEFD3 /* Api */,
				776099AC1BA43804009FEFD3 /* Procotol */,
				776099A91BA437DB009FEFD3 /* Controller */,
				776099AA1BA437DB009FEFD3 /* View */,
				775E09371BA9606D00599A91 /* ViewModel */,
				775644731BA832EA00147751 /* Manager */,
			);
			path = Product;
			sourceTree = "<group>";
		};
		776099A81BA437DB009FEFD3 /* Api */ = {
			isa = PBXGroup;
			children = (
				776099B11BA441A3009FEFD3 /* PDProductApi.h */,
				776099B21BA441A3009FEFD3 /* PDProductApi.m */,
			);
			path = Api;
			sourceTree = "<group>";
		};
		776099A91BA437DB009FEFD3 /* Controller */ = {
			isa = PBXGroup;
			children = (
				775E09941BA97A9300599A91 /* PDViewController.h */,
				775E09951BA97A9300599A91 /* PDViewController.m */,
			);
			path = Controller;
			sourceTree = "<group>";
		};
		776099AA1BA437DB009FEFD3 /* View */ = {
			isa = PBXGroup;
			children = (
				775E098A1BA97A8200599A91 /* PDProductListCell.h */,
				775E098B1BA97A8200599A91 /* PDProductListCell.m */,
				775E098C1BA97A8200599A91 /* PDProductListCell.xib */,
				775E098D1BA97A8200599A91 /* PDProductVersionCell.h */,
				775E098E1BA97A8200599A91 /* PDProductVersionCell.m */,
				775E098F1BA97A8200599A91 /* PDProductVersionCell.xib */,
			);
			path = View;
			sourceTree = "<group>";
		};
		776099AC1BA43804009FEFD3 /* Procotol */ = {
			isa = PBXGroup;
			children = (
				775E09841BA97A6F00599A91 /* PDLeftTableViewProtocol.h */,
				775E09851BA97A6F00599A91 /* PDLeftTableViewProtocol.m */,
				775E09861BA97A6F00599A91 /* PDRightTableViewProtocol.h */,
				775E09871BA97A6F00599A91 /* PDRightTableViewProtocol.m */,
			);
			path = Procotol;
			sourceTree = "<group>";
		};
		776099AD1BA43836009FEFD3 /* Entities */ = {
			isa = PBXGroup;
			children = (
				775E09811BA97A4F00599A91 /* Product.h */,
				775E09821BA97A4F00599A91 /* Product.m */,
			);
			path = Entities;
			sourceTree = "<group>";
		};
/* End PBXGroup section */

/* Begin PBXNativeTarget section */
		774A8BA21BA17688001184D3 /* BuildCenter */ = {
			isa = PBXNativeTarget;
			buildConfigurationList = 774A8BC61BA17688001184D3 /* Build configuration list for PBXNativeTarget "BuildCenter" */;
			buildPhases = (
				774A8B9F1BA17688001184D3 /* Sources */,
				774A8BA01BA17688001184D3 /* Frameworks */,
				774A8BA11BA17688001184D3 /* Resources */,
			);
			buildRules = (
			);
			dependencies = (
			);
			name = BuildCenter;
			productName = "Build推送";
			productReference = 774A8BA31BA17688001184D3 /* BuildCenter.app */;
			productType = "com.apple.product-type.application";
		};
		774A8BBB1BA17688001184D3 /* BuildCenterTests */ = {
			isa = PBXNativeTarget;
			buildConfigurationList = 774A8BC91BA17688001184D3 /* Build configuration list for PBXNativeTarget "BuildCenterTests" */;
			buildPhases = (
				774A8BB81BA17688001184D3 /* Sources */,
				774A8BB91BA17688001184D3 /* Frameworks */,
				774A8BBA1BA17688001184D3 /* Resources */,
			);
			buildRules = (
			);
			dependencies = (
				774A8BBE1BA17688001184D3 /* PBXTargetDependency */,
			);
			name = BuildCenterTests;
			productName = "Build推送Tests";
			productReference = 774A8BBC1BA17688001184D3 /* BuildCenterTests.xctest */;
			productType = "com.apple.product-type.bundle.unit-test";
		};
/* End PBXNativeTarget section */

/* Begin PBXProject section */
		774A8B9B1BA17688001184D3 /* Project object */ = {
			isa = PBXProject;
			attributes = {
				LastUpgradeCheck = 0640;
				ORGANIZATIONNAME = "Peng Tao";
				TargetAttributes = {
					774A8BA21BA17688001184D3 = {
						CreatedOnToolsVersion = 6.4;
						SystemCapabilities = {
							com.apple.BackgroundModes = {
								enabled = 1;
							};
						};
					};
					774A8BBB1BA17688001184D3 = {
						CreatedOnToolsVersion = 6.4;
						TestTargetID = 774A8BA21BA17688001184D3;
					};
				};
			};
			buildConfigurationList = 774A8B9E1BA17688001184D3 /* Build configuration list for PBXProject "BuildCenter" */;
			compatibilityVersion = "Xcode 3.2";
			developmentRegion = English;
			hasScannedForEncodings = 0;
			knownRegions = (
				en,
				Base,
			);
			mainGroup = 774A8B9A1BA17688001184D3;
			productRefGroup = 774A8BA41BA17688001184D3 /* Products */;
			projectDirPath = "";
			projectRoot = "";
			targets = (
				774A8BA21BA17688001184D3 /* BuildCenter */,
				774A8BBB1BA17688001184D3 /* BuildCenterTests */,
			);
		};
/* End PBXProject section */

/* Begin PBXResourcesBuildPhase section */
		774A8BA11BA17688001184D3 /* Resources */ = {
			isa = PBXResourcesBuildPhase;
			buildActionMask = 2147483647;
			files = (
				775E0A241BA97B2C00599A91 /* Info.plist in Resources */,
				775E097C1BA9644700599A91 /* MJRefresh.bundle in Resources */,
				775E09931BA97A8200599A91 /* PDProductVersionCell.xib in Resources */,
				775E0A451BA97B2C00599A91 /* PushConfig.plist in Resources */,
				774A8BB21BA17688001184D3 /* Main.storyboard in Resources */,
				774A8BB71BA17688001184D3 /* LaunchScreen.xib in Resources */,
				774A8BB41BA17688001184D3 /* Images.xcassets in Resources */,
				775E09911BA97A8200599A91 /* PDProductListCell.xib in Resources */,
			);
			runOnlyForDeploymentPostprocessing = 0;
		};
		774A8BBA1BA17688001184D3 /* Resources */ = {
			isa = PBXResourcesBuildPhase;
			buildActionMask = 2147483647;
			files = (
			);
			runOnlyForDeploymentPostprocessing = 0;
		};
/* End PBXResourcesBuildPhase section */

/* Begin PBXSourcesBuildPhase section */
		774A8B9F1BA17688001184D3 /* Sources */ = {
			isa = PBXSourcesBuildPhase;
			buildActionMask = 2147483647;
			files = (
				775E0A541BA97B2C00599A91 /* UIImageView+WebCache.m in Sources */,
				775E0A501BA97B2C00599A91 /* UIImage+GIF.m in Sources */,
				775E09791BA9644700599A91 /* MJRefreshGifHeader.m in Sources */,
				775E0A271BA97B2C00599A91 /* MJDictionaryCache.m in Sources */,
				775E09831BA97A4F00599A91 /* Product.m in Sources */,
				775E09741BA9644700599A91 /* MJRefreshAutoNormalFooter.m in Sources */,
				775E09801BA9644700599A91 /* UIView+MJExtension.m in Sources */,
				775644761BA8330100147751 /* PDProductServiceManager.m in Sources */,
				775E09771BA9644700599A91 /* MJRefreshBackNormalFooter.m in Sources */,
				775E0A4D1BA97B2C00599A91 /* SDWebImageManager.m in Sources */,
				775E09921BA97A8200599A91 /* PDProductVersionCell.m in Sources */,
				775E0A531BA97B2C00599A91 /* UIImageView+HighlightedWebCache.m in Sources */,
				775E0A2F1BA97B2C00599A91 /* NSObject+MJKeyValue.m in Sources */,
				775E0A211BA97B2C00599A91 /* AFURLRequestSerialization.m in Sources */,
				775E09961BA97A9300599A91 /* PDViewController.m in Sources */,
				775E09701BA9644700599A91 /* MJRefreshComponent.m in Sources */,
				775E0A301BA97B2C00599A91 /* NSObject+MJProperty.m in Sources */,
				775E0A521BA97B2C00599A91 /* UIImage+WebP.m in Sources */,
				775E0A1C1BA97B2C00599A91 /* AFHTTPRequestOperationManager.m in Sources */,
				775E097E1BA9644700599A91 /* UIScrollView+MJExtension.m in Sources */,
				775E09731BA9644700599A91 /* MJRefreshAutoGifFooter.m in Sources */,
				775E09711BA9644700599A91 /* MJRefreshFooter.m in Sources */,
				775E09721BA9644700599A91 /* MJRefreshHeader.m in Sources */,
				775E0A291BA97B2C00599A91 /* MJFoundation.m in Sources */,
				775E096F1BA9644700599A91 /* MJRefreshBackFooter.m in Sources */,
				776099B31BA441A3009FEFD3 /* PDProductApi.m in Sources */,
				775E0A4B1BA97B2C00599A91 /* SDWebImageDownloader.m in Sources */,
				775E097D1BA9644700599A91 /* MJRefreshConst.m in Sources */,
				775E0A231BA97B2C00599A91 /* AFURLSessionManager.m in Sources */,
				775E0A1F1BA97B2C00599A91 /* AFSecurityPolicy.m in Sources */,
				775E0A2D1BA97B2C00599A91 /* NSObject+MJClass.m in Sources */,
				775E0A2E1BA97B2C00599A91 /* NSObject+MJCoding.m in Sources */,
				775E0A511BA97B2C00599A91 /* UIImage+MultiFormat.m in Sources */,
				775E0A4C1BA97B2C00599A91 /* SDWebImageDownloaderOperation.m in Sources */,
				775E09901BA97A8200599A91 /* PDProductListCell.m in Sources */,
				775E0A1E1BA97B2C00599A91 /* AFNetworkReachabilityManager.m in Sources */,
				775E093A1BA9606D00599A91 /* PDProductViewModel.m in Sources */,
				775E0A2B1BA97B2C00599A91 /* MJPropertyKey.m in Sources */,
				775E09891BA97A6F00599A91 /* PDRightTableViewProtocol.m in Sources */,
				775E0A481BA97B2C00599A91 /* SDImageCache.m in Sources */,
				775E0A1B1BA97B2C00599A91 /* AFHTTPRequestOperation.m in Sources */,
				775E0A471BA97B2C00599A91 /* NSData+ImageContentType.m in Sources */,
				775E0A2C1BA97B2C00599A91 /* MJPropertyType.m in Sources */,
				775E0A201BA97B2C00599A91 /* AFURLConnectionOperation.m in Sources */,
				775E096E1BA9644700599A91 /* MJRefreshAutoFooter.m in Sources */,
				775E0A2A1BA97B2C00599A91 /* MJProperty.m in Sources */,
				775E0A311BA97B2C00599A91 /* NSString+MJExtension.m in Sources */,
				775E09761BA9644700599A91 /* MJRefreshBackGifFooter.m in Sources */,
				775E0A491BA97B2C00599A91 /* SDWebImageCompat.m in Sources */,
				775E0A1D1BA97B2C00599A91 /* AFHTTPSessionManager.m in Sources */,
				775E0A4F1BA97B2C00599A91 /* UIButton+WebCache.m in Sources */,
				775E0A551BA97B2C00599A91 /* UIView+WebCacheOperation.m in Sources */,
				775E09881BA97A6F00599A91 /* PDLeftTableViewProtocol.m in Sources */,
				775E0A4A1BA97B2C00599A91 /* SDWebImageDecoder.m in Sources */,
				774A8BA91BA17688001184D3 /* main.m in Sources */,
				775E09991BA97ADB00599A91 /* AppDelegate.m in Sources */,
				775E0A461BA97B2C00599A91 /* MKAnnotationView+WebCache.m in Sources */,
				775E0A221BA97B2C00599A91 /* AFURLResponseSerialization.m in Sources */,
				775E097F1BA9644700599A91 /* UIScrollView+MJRefresh.m in Sources */,
				775E09751BA9644700599A91 /* MJRefreshAutoStateFooter.m in Sources */,
				775E0A4E1BA97B2C00599A91 /* SDWebImagePrefetcher.m in Sources */,
				775E09781BA9644700599A91 /* MJRefreshBackStateFooter.m in Sources */,
				775E097B1BA9644700599A91 /* MJRefreshStateHeader.m in Sources */,
				775E0A281BA97B2C00599A91 /* MJExtensionConst.m in Sources */,
				775E097A1BA9644700599A91 /* MJRefreshNormalHeader.m in Sources */,
			);
			runOnlyForDeploymentPostprocessing = 0;
		};
		774A8BB81BA17688001184D3 /* Sources */ = {
			isa = PBXSourcesBuildPhase;
			buildActionMask = 2147483647;
			files = (
				774A8BC31BA17688001184D3 /* BuildCenterTests.m in Sources */,
			);
			runOnlyForDeploymentPostprocessing = 0;
		};
/* End PBXSourcesBuildPhase section */

/* Begin PBXTargetDependency section */
		774A8BBE1BA17688001184D3 /* PBXTargetDependency */ = {
			isa = PBXTargetDependency;
			target = 774A8BA21BA17688001184D3 /* BuildCenter */;
			targetProxy = 774A8BBD1BA17688001184D3 /* PBXContainerItemProxy */;
		};
/* End PBXTargetDependency section */

/* Begin PBXVariantGroup section */
		774A8BB01BA17688001184D3 /* Main.storyboard */ = {
			isa = PBXVariantGroup;
			children = (
				774A8BB11BA17688001184D3 /* Base */,
			);
			name = Main.storyboard;
			sourceTree = "<group>";
		};
		774A8BB51BA17688001184D3 /* LaunchScreen.xib */ = {
			isa = PBXVariantGroup;
			children = (
				774A8BB61BA17688001184D3 /* Base */,
			);
			name = LaunchScreen.xib;
			sourceTree = "<group>";
		};
/* End PBXVariantGroup section */

/* Begin XCBuildConfiguration section */
		774A8BC41BA17688001184D3 /* Debug */ = {
			isa = XCBuildConfiguration;
			buildSettings = {
				ALWAYS_SEARCH_USER_PATHS = NO;
				CLANG_CXX_LANGUAGE_STANDARD = "gnu++0x";
				CLANG_CXX_LIBRARY = "libc++";
				CLANG_ENABLE_MODULES = YES;
				CLANG_ENABLE_OBJC_ARC = YES;
				CLANG_WARN_BOOL_CONVERSION = YES;
				CLANG_WARN_CONSTANT_CONVERSION = YES;
				CLANG_WARN_DIRECT_OBJC_ISA_USAGE = YES_ERROR;
				CLANG_WARN_EMPTY_BODY = YES;
				CLANG_WARN_ENUM_CONVERSION = YES;
				CLANG_WARN_INT_CONVERSION = YES;
				CLANG_WARN_OBJC_ROOT_CLASS = YES_ERROR;
				CLANG_WARN_UNREACHABLE_CODE = YES;
				CLANG_WARN__DUPLICATE_METHOD_MATCH = YES;
				CODE_SIGN_IDENTITY = "iPhone Developer";
				"CODE_SIGN_IDENTITY[sdk=iphoneos*]" = "iPhone Developer";
				COPY_PHASE_STRIP = NO;
				DEBUG_INFORMATION_FORMAT = "dwarf-with-dsym";
				ENABLE_STRICT_OBJC_MSGSEND = YES;
				GCC_C_LANGUAGE_STANDARD = gnu99;
				GCC_DYNAMIC_NO_PIC = NO;
				GCC_NO_COMMON_BLOCKS = YES;
				GCC_OPTIMIZATION_LEVEL = 0;
				GCC_PREPROCESSOR_DEFINITIONS = (
					"DEBUG=1",
					"$(inherited)",
				);
				GCC_SYMBOLS_PRIVATE_EXTERN = NO;
				GCC_WARN_64_TO_32_BIT_CONVERSION = YES;
				GCC_WARN_ABOUT_RETURN_TYPE = YES_ERROR;
				GCC_WARN_UNDECLARED_SELECTOR = YES;
				GCC_WARN_UNINITIALIZED_AUTOS = YES_AGGRESSIVE;
				GCC_WARN_UNUSED_FUNCTION = YES;
				GCC_WARN_UNUSED_VARIABLE = YES;
				IPHONEOS_DEPLOYMENT_TARGET = 8.4;
				MTL_ENABLE_DEBUG_INFO = YES;
				ONLY_ACTIVE_ARCH = YES;
				SDKROOT = iphoneos;
				TARGETED_DEVICE_FAMILY = 2;
			};
			name = Debug;
		};
		774A8BC51BA17688001184D3 /* Release */ = {
			isa = XCBuildConfiguration;
			buildSettings = {
				ALWAYS_SEARCH_USER_PATHS = NO;
				CLANG_CXX_LANGUAGE_STANDARD = "gnu++0x";
				CLANG_CXX_LIBRARY = "libc++";
				CLANG_ENABLE_MODULES = YES;
				CLANG_ENABLE_OBJC_ARC = YES;
				CLANG_WARN_BOOL_CONVERSION = YES;
				CLANG_WARN_CONSTANT_CONVERSION = YES;
				CLANG_WARN_DIRECT_OBJC_ISA_USAGE = YES_ERROR;
				CLANG_WARN_EMPTY_BODY = YES;
				CLANG_WARN_ENUM_CONVERSION = YES;
				CLANG_WARN_INT_CONVERSION = YES;
				CLANG_WARN_OBJC_ROOT_CLASS = YES_ERROR;
				CLANG_WARN_UNREACHABLE_CODE = YES;
				CLANG_WARN__DUPLICATE_METHOD_MATCH = YES;
				CODE_SIGN_IDENTITY = "iPhone Developer";
				"CODE_SIGN_IDENTITY[sdk=iphoneos*]" = "iPhone Developer";
				COPY_PHASE_STRIP = NO;
				DEBUG_INFORMATION_FORMAT = "dwarf-with-dsym";
				ENABLE_NS_ASSERTIONS = NO;
				ENABLE_STRICT_OBJC_MSGSEND = YES;
				GCC_C_LANGUAGE_STANDARD = gnu99;
				GCC_NO_COMMON_BLOCKS = YES;
				GCC_WARN_64_TO_32_BIT_CONVERSION = YES;
				GCC_WARN_ABOUT_RETURN_TYPE = YES_ERROR;
				GCC_WARN_UNDECLARED_SELECTOR = YES;
				GCC_WARN_UNINITIALIZED_AUTOS = YES_AGGRESSIVE;
				GCC_WARN_UNUSED_FUNCTION = YES;
				GCC_WARN_UNUSED_VARIABLE = YES;
				IPHONEOS_DEPLOYMENT_TARGET = 8.4;
				MTL_ENABLE_DEBUG_INFO = NO;
				SDKROOT = iphoneos;
				TARGETED_DEVICE_FAMILY = 2;
				VALIDATE_PRODUCT = YES;
			};
			name = Release;
		};
		774A8BC71BA17688001184D3 /* Debug */ = {
			isa = XCBuildConfiguration;
			buildSettings = {
				ASSETCATALOG_COMPILER_APPICON_NAME = AppIcon;
				CODE_SIGN_IDENTITY = "iPhone Developer";
				ENABLE_BITCODE = NO;
				GCC_PRECOMPILE_PREFIX_HEADER = YES;
				GCC_PREFIX_HEADER = "$(SRCROOT)/BuildCenter/BuildCenter-Prefix.pch";
				INFOPLIST_FILE = BuildCenter/Supports/Info.plist;
				IPHONEOS_DEPLOYMENT_TARGET = 8.0;
				LD_RUNPATH_SEARCH_PATHS = "$(inherited) @executable_path/Frameworks";
				LIBRARY_SEARCH_PATHS = (
					"$(inherited)",
					"$(PROJECT_DIR)/BuildCenter/Supports/lib",
				);
				PRODUCT_NAME = BuildCenter;
				PROVISIONING_PROFILE = "";
				TARGETED_DEVICE_FAMILY = 2;
			};
			name = Debug;
		};
		774A8BC81BA17688001184D3 /* Release */ = {
			isa = XCBuildConfiguration;
			buildSettings = {
				ASSETCATALOG_COMPILER_APPICON_NAME = AppIcon;
				CODE_SIGN_IDENTITY = "iPhone Developer";
				"CODE_SIGN_IDENTITY[sdk=iphoneos*]" = "iPhone Developer";
				ENABLE_BITCODE = NO;
				GCC_PRECOMPILE_PREFIX_HEADER = YES;
				GCC_PREFIX_HEADER = "$(SRCROOT)/BuildCenter/BuildCenter-Prefix.pch";
				INFOPLIST_FILE = BuildCenter/Supports/Info.plist;
				IPHONEOS_DEPLOYMENT_TARGET = 8.0;
				LD_RUNPATH_SEARCH_PATHS = "$(inherited) @executable_path/Frameworks";
				LIBRARY_SEARCH_PATHS = (
					"$(inherited)",
					"$(PROJECT_DIR)/BuildCenter/Supports/lib",
				);
				PRODUCT_NAME = BuildCenter;
				PROVISIONING_PROFILE = "";
				TARGETED_DEVICE_FAMILY = 2;
			};
			name = Release;
		};
		774A8BCA1BA17688001184D3 /* Debug */ = {
			isa = XCBuildConfiguration;
			buildSettings = {
				BUNDLE_LOADER = "$(TEST_HOST)";
				FRAMEWORK_SEARCH_PATHS = (
					"$(SDKROOT)/Developer/Library/Frameworks",
					"$(inherited)",
				);
				GCC_INCREASE_PRECOMPILED_HEADER_SHARING = NO;
				GCC_PRECOMPILE_PREFIX_HEADER = YES;
				GCC_PREFIX_HEADER = "$(SRCROOT)/BuildCenter/BuildCenter-Prefix.pch";
				GCC_PREPROCESSOR_DEFINITIONS = (
					"DEBUG=1",
					"$(inherited)",
				);
				INFOPLIST_FILE = BuildCenterTests/Info.plist;
				LD_RUNPATH_SEARCH_PATHS = "$(inherited) @executable_path/Frameworks @loader_path/Frameworks";
				PRODUCT_NAME = BuildCenterTests;
				TEST_HOST = "$(BUILT_PRODUCTS_DIR)/BuildCenter.app/BuildCenter";
			};
			name = Debug;
		};
		774A8BCB1BA17688001184D3 /* Release */ = {
			isa = XCBuildConfiguration;
			buildSettings = {
				BUNDLE_LOADER = "$(TEST_HOST)";
				FRAMEWORK_SEARCH_PATHS = (
					"$(SDKROOT)/Developer/Library/Frameworks",
					"$(inherited)",
				);
				GCC_INCREASE_PRECOMPILED_HEADER_SHARING = NO;
				GCC_PRECOMPILE_PREFIX_HEADER = YES;
				GCC_PREFIX_HEADER = "$(SRCROOT)/BuildCenter/BuildCenter-Prefix.pch";
				INFOPLIST_FILE = BuildCenterTests/Info.plist;
				LD_RUNPATH_SEARCH_PATHS = "$(inherited) @executable_path/Frameworks @loader_path/Frameworks";
				PRODUCT_NAME = BuildCenterTests;
				TEST_HOST = "$(BUILT_PRODUCTS_DIR)/BuildCenter.app/BuildCenter";
			};
			name = Release;
		};
/* End XCBuildConfiguration section */

/* Begin XCConfigurationList section */
		774A8B9E1BA17688001184D3 /* Build configuration list for PBXProject "BuildCenter" */ = {
			isa = XCConfigurationList;
			buildConfigurations = (
				774A8BC41BA17688001184D3 /* Debug */,
				774A8BC51BA17688001184D3 /* Release */,
			);
			defaultConfigurationIsVisible = 0;
			defaultConfigurationName = Release;
		};
		774A8BC61BA17688001184D3 /* Build configuration list for PBXNativeTarget "BuildCenter" */ = {
			isa = XCConfigurationList;
			buildConfigurations = (
				774A8BC71BA17688001184D3 /* Debug */,
				774A8BC81BA17688001184D3 /* Release */,
			);
			defaultConfigurationIsVisible = 0;
			defaultConfigurationName = Release;
		};
		774A8BC91BA17688001184D3 /* Build configuration list for PBXNativeTarget "BuildCenterTests" */ = {
			isa = XCConfigurationList;
			buildConfigurations = (
				774A8BCA1BA17688001184D3 /* Debug */,
				774A8BCB1BA17688001184D3 /* Release */,
			);
			defaultConfigurationIsVisible = 0;
			defaultConfigurationName = Release;
		};
/* End XCConfigurationList section */
	};
	rootObject = 774A8B9B1BA17688001184D3 /* Project object */;
}
